<?xml version="1.0" encoding="utf-8"?>
<Project ToolsVersion="4.0" xmlns="http://schemas.microsoft.com/developer/msbuild/2003">
  <ItemGroup>
    <Filter Include="Resource Dateien">
      <UniqueIdentifier>{D9D6E242-F8AF-46E4-B9FD-80ECBC20BA3E}</UniqueIdentifier>
      <Extensions>qrc;*</Extensions>
      <ParseFiles>false</ParseFiles>
    </Filter>
    <Filter Include="Generierte Dateien">
      <UniqueIdentifier>{71ED8ED8-ACB9-4CE9-BBE1-E00B30144E11}</UniqueIdentifier>
      <Extensions>moc;h;cpp</Extensions>
      <SourceControlFiles>False</SourceControlFiles>
    </Filter>
    <Filter Include="Generierte Dateien\Debug">
      <UniqueIdentifier>{16031acf-d78b-4b3d-bb77-da3f59e6c36a}</UniqueIdentifier>
      <Extensions>cpp;moc</Extensions>
      <SourceControlFiles>False</SourceControlFiles>
    </Filter>
    <Filter Include="Generierte Dateien\Release">
      <UniqueIdentifier>{121a224c-2bc6-4e45-bcc2-d74bca10ac50}</UniqueIdentifier>
      <Extensions>cpp;moc</Extensions>
      <SourceControlFiles>False</SourceControlFiles>
    </Filter>
    <Filter Include="Main">
      <UniqueIdentifier>{2448f36a-e705-4e9f-938d-f7f4d10ff24d}</UniqueIdentifier>
    </Filter>
    <Filter Include="CustomPlot">
      <UniqueIdentifier>{1c32c6fa-78e2-44cf-9acc-8b877b261c7d}</UniqueIdentifier>
    </Filter>
    <Filter Include="SolarData">
      <UniqueIdentifier>{3518a93d-5a21-47e2-a675-5d3163f5001a}</UniqueIdentifier>
    </Filter>
    <Filter Include="Source Dateien">
      <UniqueIdentifier>{4FC737F1-C7A5-4376-A066-2A32D752A2FF}</UniqueIdentifier>
      <Extensions>cpp;cxx;c;def</Extensions>
      <ParseFiles>true</ParseFiles>
    </Filter>
    <Filter Include="Header Dateien">
      <UniqueIdentifier>{93995380-89BD-4b04-88EB-625FBE52EBFB}</UniqueIdentifier>
      <Extensions>h</Extensions>
      <ParseFiles>true</ParseFiles>
    </Filter>
    <Filter Include="Form Dateien">
      <UniqueIdentifier>{99349809-55BA-4b9d-BF79-8FDBB0286EB3}</UniqueIdentifier>
      <Extensions>ui</Extensions>
      <ParseFiles>true</ParseFiles>
    </Filter>
    <Filter Include="Plotter">
      <UniqueIdentifier>{f9b02986-74e4-4169-9bdf-edb01eb305bd}</UniqueIdentifier>
    </Filter>
    <Filter Include="Plotter\View">
      <UniqueIdentifier>{bc94bc82-ae04-4c90-a3dc-5e7ec1e77491}</UniqueIdentifier>
    </Filter>
    <Filter Include="StartPage">
      <UniqueIdentifier>{b1f61ada-f939-47ba-a788-b6ab8487eeda}</UniqueIdentifier>
    </Filter>
    <Filter Include="StartPage\View">
      <UniqueIdentifier>{70524096-d77f-494e-ba63-9e37459b2c9d}</UniqueIdentifier>
    </Filter>
    <Filter Include="FolderChoose">
      <UniqueIdentifier>{d3209657-ab40-4060-a4d3-faa3825087c3}</UniqueIdentifier>
    </Filter>
    <Filter Include="FolderChoose\View">
      <UniqueIdentifier>{5937f43a-3b2c-457a-b237-601fd0d4e3fc}</UniqueIdentifier>
    </Filter>
    <Filter Include="ConsuptionData">
      <UniqueIdentifier>{b7a6f059-80a7-41fe-aef3-c0896d480f34}</UniqueIdentifier>
    </Filter>
    <Filter Include="Data">
      <UniqueIdentifier>{63b238db-0ad9-4c45-9cf3-b2ef5e45d920}</UniqueIdentifier>
    </Filter>
  </ItemGroup>
  <ItemGroup>
    <ClCompile Include="main.cpp">
      <Filter>Main</Filter>
    </ClCompile>
    <ClCompile Include="Mainwindow.cpp">
      <Filter>Main</Filter>
    </ClCompile>
    <ClCompile Include="GeneratedFiles\Debug\moc_qcustomplot.cpp">
      <Filter>Generierte Dateien\Debug</Filter>
    </ClCompile>
    <ClCompile Include="GeneratedFiles\Release\moc_qcustomplot.cpp">
      <Filter>Generierte Dateien\Release</Filter>
    </ClCompile>
    <ClCompile Include="SolarData\SolarData.cpp">
      <Filter>SolarData</Filter>
    </ClCompile>
    <ClCompile Include="GeneratedFiles\Debug\moc_SolarData.cpp">
      <Filter>Generierte Dateien\Debug</Filter>
    </ClCompile>
    <ClCompile Include="GeneratedFiles\Release\moc_SolarData.cpp">
      <Filter>Generierte Dateien\Release</Filter>
    </ClCompile>
    <ClCompile Include="GeneratedFiles\Debug\moc_Mainwindow.cpp">
      <Filter>Generierte Dateien\Debug</Filter>
    </ClCompile>
    <ClCompile Include="GeneratedFiles\Release\moc_Mainwindow.cpp">
      <Filter>Generierte Dateien\Release</Filter>
    </ClCompile>
    <ClCompile Include="GeneratedFiles\qrc_ShowSolarData.cpp">
      <Filter>Generierte Dateien</Filter>
    </ClCompile>
    <ClCompile Include="Customplot\qcustomplot.cpp">
      <Filter>CustomPlot</Filter>
    </ClCompile>
    <ClCompile Include="GeneratedFiles\Debug\moc_Plotter.cpp">
      <Filter>Generierte Dateien\Debug</Filter>
    </ClCompile>
    <ClCompile Include="GeneratedFiles\Release\moc_Plotter.cpp">
      <Filter>Generierte Dateien\Release</Filter>
    </ClCompile>
    <ClCompile Include="GeneratedFiles\Debug\moc_PlotterWindow.cpp">
      <Filter>Generierte Dateien\Debug</Filter>
    </ClCompile>
    <ClCompile Include="GeneratedFiles\Release\moc_PlotterWindow.cpp">
      <Filter>Generierte Dateien\Release</Filter>
    </ClCompile>
    <ClCompile Include="Plotter\Plotter.cpp">
      <Filter>Plotter</Filter>
    </ClCompile>
    <ClCompile Include="Plotter\PlotterWindow.cpp">
      <Filter>Plotter\View</Filter>
    </ClCompile>
    <ClCompile Include="GeneratedFiles\Debug\moc_StartPage.cpp">
      <Filter>Generierte Dateien\Debug</Filter>
    </ClCompile>
    <ClCompile Include="GeneratedFiles\Release\moc_StartPage.cpp">
      <Filter>Generierte Dateien\Release</Filter>
    </ClCompile>
    <ClCompile Include="StartPage\StartPage.cpp">
      <Filter>StartPage</Filter>
    </ClCompile>
    <ClCompile Include="GeneratedFiles\Debug\moc_StartPageWindow.cpp">
      <Filter>Generierte Dateien\Debug</Filter>
    </ClCompile>
    <ClCompile Include="GeneratedFiles\Release\moc_StartPageWindow.cpp">
      <Filter>Generierte Dateien\Release</Filter>
    </ClCompile>
    <ClCompile Include="StartPage\CStartPageWindow.cpp">
      <Filter>StartPage\View</Filter>
    </ClCompile>
    <ClCompile Include="GeneratedFiles\Debug\moc_FolderChoose.cpp">
      <Filter>Generierte Dateien\Debug</Filter>
    </ClCompile>
    <ClCompile Include="GeneratedFiles\Release\moc_FolderChoose.cpp">
      <Filter>Generierte Dateien\Release</Filter>
    </ClCompile>
    <ClCompile Include="GeneratedFiles\Debug\moc_FolderChooseWindow.cpp">
      <Filter>Generierte Dateien\Debug</Filter>
    </ClCompile>
    <ClCompile Include="GeneratedFiles\Release\moc_FolderChooseWindow.cpp">
      <Filter>Generierte Dateien\Release</Filter>
    </ClCompile>
    <ClCompile Include="FolderChoose\FolderChoose.cpp">
      <Filter>FolderChoose</Filter>
    </ClCompile>
    <ClCompile Include="FolderChoose\FolderChooseWindow.cpp">
      <Filter>FolderChoose\View</Filter>
    </ClCompile>
    <ClCompile Include="GeneratedFiles\Debug\moc_ConsumptionData.cpp">
      <Filter>Generierte Dateien\Debug</Filter>
    </ClCompile>
    <ClCompile Include="GeneratedFiles\Release\moc_ConsumptionData.cpp">
      <Filter>Generierte Dateien\Release</Filter>
    </ClCompile>
    <ClCompile Include="ConsumptionData\ConsumptionData.cpp">
      <Filter>ConsuptionData</Filter>
    </ClCompile>
    <ClCompile Include="GeneratedFiles\Debug\moc_Data.cpp">
      <Filter>Generierte Dateien\Debug</Filter>
    </ClCompile>
    <ClCompile Include="GeneratedFiles\Release\moc_Data.cpp">
      <Filter>Generierte Dateien\Release</Filter>
    </ClCompile>
    <ClCompile Include="Data\Data.cpp">
      <Filter>Data</Filter>
    </ClCompile>
  </ItemGroup>
  <ItemGroup>
    <CustomBuild Include="Mainwindow.ui">
      <Filter>Main</Filter>
    </CustomBuild>
    <CustomBuild Include="Mainwindow.h">
      <Filter>Main</Filter>
    </CustomBuild>
    <CustomBuild Include="SolarData\SolarData.h">
      <Filter>SolarData</Filter>
    </CustomBuild>
    <CustomBuild Include="ShowSolarData.qrc">
      <Filter>Resource Dateien</Filter>
    </CustomBuild>
    <CustomBuild Include="Customplot\qcustomplot.h">
      <Filter>CustomPlot</Filter>
    </CustomBuild>
    <CustomBuild Include="Plotter\PlotterWindow.h">
      <Filter>Plotter\View</Filter>
    </CustomBuild>
    <CustomBuild Include="Plotter\Plotter.h">
      <Filter>Plotter</Filter>
    </CustomBuild>
    <CustomBuild Include="Plotter\PlotterWindow.ui">
      <Filter>Plotter\View</Filter>
    </CustomBuild>
    <CustomBuild Include="StartPage\StartPage.h">
      <Filter>StartPage</Filter>
    </CustomBuild>
    <CustomBuild Include="StartPage\StartPageWindow.h">
      <Filter>StartPage\View</Filter>
    </CustomBuild>
    <CustomBuild Include="StartPage\StartPageWindow.ui">
      <Filter>StartPage\View</Filter>
    </CustomBuild>
    <CustomBuild Include="FolderChoose\FolderChooseWindow.ui">
      <Filter>FolderChoose\View</Filter>
    </CustomBuild>
    <CustomBuild Include="FolderChoose\FolderChoose.h">
      <Filter>FolderChoose</Filter>
    </CustomBuild>
    <CustomBuild Include="FolderChoose\FolderChooseWindow.h">
      <Filter>FolderChoose\View</Filter>
    </CustomBuild>
    <CustomBuild Include="ConsumptionData\ConsumptionData.h">
      <Filter>ConsuptionData</Filter>
    </CustomBuild>
    <CustomBuild Include="Data\Data.h">
      <Filter>Data</Filter>
    </CustomBuild>
  </ItemGroup>
  <ItemGroup>
    <ClInclude Include="GeneratedFiles\ui_Mainwindow.h">
      <Filter>Generierte Dateien</Filter>
    </ClInclude>
    <ClInclude Include="GeneratedFiles\ui_PlotterWindow.h">
      <Filter>Generierte Dateien</Filter>
    </ClInclude>
    <ClInclude Include="GeneratedFiles\ui_StartPageWindow.h">
      <Filter>Generierte Dateien</Filter>
    </ClInclude>
    <ClInclude Include="GeneratedFiles\ui_FolderChooseWindow.h">
      <Filter>Generierte Dateien</Filter>
    </ClInclude>
  </ItemGroup>
  <ItemGroup>
    <Image Include="Resources\0006c9_a1b5dc3e5208946fc3a01d851f85d769.jpg">
      <Filter>Resource Dateien</Filter>
    </Image>
  </ItemGroup>
</Project>